PODS:
  - IMCore (0.1.2):
    - IMCore/Mars (= 0.1.2)
  - IMCore/Mars (0.1.2)

DEPENDENCIES:
  - IMCore (from `../`)

EXTERNAL SOURCES:
  IMCore:
    :path: "../"

SPEC CHECKSUMS:
  IMCore: 2e2fd440d09406eb3bd205dafef58055f396fd40

PODFILE CHECKSUM: e29cae08f03a6228e0ac3e27fb6958e759f10120

COCOAPODS: 1.10.0
